
Microsoft Visual Studio Solution File, Format Version 12.00
# Visual Studio Version 16
VisualStudioVersion = 16.0.33801.447
MinimumVisualStudioVersion = 10.0.40219.1
Project("{FAE04EC0-301F-11D3-BF4B-00C04F79EFBC}") = "ViideoBaiGiang1", "ViideoBaiGiang1\ViideoBaiGiang1.csproj", "{A3A23ACE-277A-4843-84D6-F6A3DA549465}"
EndProject
Global
	GlobalSection(SolutionConfigurationPlatforms) = preSolution
		Debug|Any CPU = Debug|Any CPU
		Release|Any CPU = Release|Any CPU
	EndGlobalSection
	GlobalSection(ProjectConfigurationPlatforms) = postSolution
		{A3A23ACE-277A-4843-84D6-F6A3DA549465}.Debug|Any CPU.ActiveCfg = Debug|Any CPU
		{A3A23ACE-277A-4843-84D6-F6A3DA549465}.Debug|Any CPU.Build.0 = Debug|Any CPU
		{A3A23ACE-277A-4843-84D6-F6A3DA549465}.Release|Any CPU.ActiveCfg = Release|Any CPU
		{A3A23ACE-277A-4843-84D6-F6A3DA549465}.Release|Any CPU.Build.0 = Release|Any CPU
	EndGlobalSection
	GlobalSection(SolutionProperties) = preSolution
		HideSolutionNode = FALSE
	EndGlobalSection
	GlobalSection(ExtensibilityGlobals) = postSolution
		SolutionGuid = {6E8B73EA-B5BC-477B-8856-B29A8E0FA869}
	EndGlobalSection
EndGlobal
