
Microsoft Visual Studio Solution File, Format Version 12.00
# Visual Studio Version 16
VisualStudioVersion = 16.0.33801.447
MinimumVisualStudioVersion = 10.0.40219.1
Project("{9A19103F-16F7-4668-BE54-9A1E7A4F7556}") = "TX2_11", "TX2_11\TX2_11.csproj", "{EB8F31E3-4728-46DC-8F3E-26A00D5B0838}"
EndProject
Project("{9A19103F-16F7-4668-BE54-9A1E7A4F7556}") = "TX2_12", "TX2_12\TX2_12.csproj", "{FDD55950-CE14-4206-91AC-B1E77F575738}"
EndProject
Project("{FAE04EC0-301F-11D3-BF4B-00C04F79EFBC}") = "WpfApp1", "WpfApp1\WpfApp1.csproj", "{0A81B92E-6B88-450F-BC88-1F342F479ACB}"
EndProject
Global
	GlobalSection(SolutionConfigurationPlatforms) = preSolution
		Debug|Any CPU = Debug|Any CPU
		Release|Any CPU = Release|Any CPU
	EndGlobalSection
	GlobalSection(ProjectConfigurationPlatforms) = postSolution
		{EB8F31E3-4728-46DC-8F3E-26A00D5B0838}.Debug|Any CPU.ActiveCfg = Debug|Any CPU
		{EB8F31E3-4728-46DC-8F3E-26A00D5B0838}.Debug|Any CPU.Build.0 = Debug|Any CPU
		{EB8F31E3-4728-46DC-8F3E-26A00D5B0838}.Release|Any CPU.ActiveCfg = Release|Any CPU
		{EB8F31E3-4728-46DC-8F3E-26A00D5B0838}.Release|Any CPU.Build.0 = Release|Any CPU
		{FDD55950-CE14-4206-91AC-B1E77F575738}.Debug|Any CPU.ActiveCfg = Debug|Any CPU
		{FDD55950-CE14-4206-91AC-B1E77F575738}.Debug|Any CPU.Build.0 = Debug|Any CPU
		{FDD55950-CE14-4206-91AC-B1E77F575738}.Release|Any CPU.ActiveCfg = Release|Any CPU
		{FDD55950-CE14-4206-91AC-B1E77F575738}.Release|Any CPU.Build.0 = Release|Any CPU
		{0A81B92E-6B88-450F-BC88-1F342F479ACB}.Debug|Any CPU.ActiveCfg = Debug|Any CPU
		{0A81B92E-6B88-450F-BC88-1F342F479ACB}.Debug|Any CPU.Build.0 = Debug|Any CPU
		{0A81B92E-6B88-450F-BC88-1F342F479ACB}.Release|Any CPU.ActiveCfg = Release|Any CPU
		{0A81B92E-6B88-450F-BC88-1F342F479ACB}.Release|Any CPU.Build.0 = Release|Any CPU
	EndGlobalSection
	GlobalSection(SolutionProperties) = preSolution
		HideSolutionNode = FALSE
	EndGlobalSection
	GlobalSection(ExtensibilityGlobals) = postSolution
		SolutionGuid = {008BF07D-3BEB-4F45-9668-EE375559751E}
	EndGlobalSection
EndGlobal
