
Microsoft Visual Studio Solution File, Format Version 12.00
# Visual Studio Version 16
VisualStudioVersion = 16.0.33801.447
MinimumVisualStudioVersion = 10.0.40219.1
Project("{FAE04EC0-301F-11D3-BF4B-00C04F79EFBC}") = "OnTapKT", "OnTapKT\OnTapKT.csproj", "{EC69FA1A-95EA-4645-AFB8-D74AA096389C}"
EndProject
Global
	GlobalSection(SolutionConfigurationPlatforms) = preSolution
		Debug|Any CPU = Debug|Any CPU
		Release|Any CPU = Release|Any CPU
	EndGlobalSection
	GlobalSection(ProjectConfigurationPlatforms) = postSolution
		{EC69FA1A-95EA-4645-AFB8-D74AA096389C}.Debug|Any CPU.ActiveCfg = Debug|Any CPU
		{EC69FA1A-95EA-4645-AFB8-D74AA096389C}.Debug|Any CPU.Build.0 = Debug|Any CPU
		{EC69FA1A-95EA-4645-AFB8-D74AA096389C}.Release|Any CPU.ActiveCfg = Release|Any CPU
		{EC69FA1A-95EA-4645-AFB8-D74AA096389C}.Release|Any CPU.Build.0 = Release|Any CPU
	EndGlobalSection
	GlobalSection(SolutionProperties) = preSolution
		HideSolutionNode = FALSE
	EndGlobalSection
	GlobalSection(ExtensibilityGlobals) = postSolution
		SolutionGuid = {C5584739-6881-453C-A50F-E591E35A6AF3}
	EndGlobalSection
EndGlobal
