
Microsoft Visual Studio Solution File, Format Version 12.00
# Visual Studio Version 16
VisualStudioVersion = 16.0.33801.447
MinimumVisualStudioVersion = 10.0.40219.1
Project("{FAE04EC0-301F-11D3-BF4B-00C04F79EFBC}") = "DE03_3", "DE03_3\DE03_3.csproj", "{584B6061-DB74-4038-B526-0D9686965168}"
EndProject
Project("{FAE04EC0-301F-11D3-BF4B-00C04F79EFBC}") = "DE04_3", "DE04_3\DE04_3.csproj", "{6EA5E33F-2F7B-4E69-B512-A52A2F9C98B7}"
EndProject
Project("{FAE04EC0-301F-11D3-BF4B-00C04F79EFBC}") = "DE05_3", "DE05_3\DE05_3.csproj", "{478FF67D-5201-47FD-8384-5E12D0AAE2FF}"
EndProject
Global
	GlobalSection(SolutionConfigurationPlatforms) = preSolution
		Debug|Any CPU = Debug|Any CPU
		Release|Any CPU = Release|Any CPU
	EndGlobalSection
	GlobalSection(ProjectConfigurationPlatforms) = postSolution
		{584B6061-DB74-4038-B526-0D9686965168}.Debug|Any CPU.ActiveCfg = Debug|Any CPU
		{584B6061-DB74-4038-B526-0D9686965168}.Debug|Any CPU.Build.0 = Debug|Any CPU
		{584B6061-DB74-4038-B526-0D9686965168}.Release|Any CPU.ActiveCfg = Release|Any CPU
		{584B6061-DB74-4038-B526-0D9686965168}.Release|Any CPU.Build.0 = Release|Any CPU
		{6EA5E33F-2F7B-4E69-B512-A52A2F9C98B7}.Debug|Any CPU.ActiveCfg = Debug|Any CPU
		{6EA5E33F-2F7B-4E69-B512-A52A2F9C98B7}.Debug|Any CPU.Build.0 = Debug|Any CPU
		{6EA5E33F-2F7B-4E69-B512-A52A2F9C98B7}.Release|Any CPU.ActiveCfg = Release|Any CPU
		{6EA5E33F-2F7B-4E69-B512-A52A2F9C98B7}.Release|Any CPU.Build.0 = Release|Any CPU
		{478FF67D-5201-47FD-8384-5E12D0AAE2FF}.Debug|Any CPU.ActiveCfg = Debug|Any CPU
		{478FF67D-5201-47FD-8384-5E12D0AAE2FF}.Debug|Any CPU.Build.0 = Debug|Any CPU
		{478FF67D-5201-47FD-8384-5E12D0AAE2FF}.Release|Any CPU.ActiveCfg = Release|Any CPU
		{478FF67D-5201-47FD-8384-5E12D0AAE2FF}.Release|Any CPU.Build.0 = Release|Any CPU
	EndGlobalSection
	GlobalSection(SolutionProperties) = preSolution
		HideSolutionNode = FALSE
	EndGlobalSection
	GlobalSection(ExtensibilityGlobals) = postSolution
		SolutionGuid = {AC304380-807B-49FC-AABB-90D2A45E0133}
	EndGlobalSection
EndGlobal
