
Microsoft Visual Studio Solution File, Format Version 12.00
# Visual Studio Version 16
VisualStudioVersion = 16.0.33801.447
MinimumVisualStudioVersion = 10.0.40219.1
Project("{9A19103F-16F7-4668-BE54-9A1E7A4F7556}") = "OnTapTX2_1", "OnTapTX2_1\OnTapTX2_1.csproj", "{12B2EE24-8618-4DC5-B159-8171278063E8}"
EndProject
Project("{9A19103F-16F7-4668-BE54-9A1E7A4F7556}") = "DeMau", "DeMau\DeMau.csproj", "{A6300690-0582-440B-BE2A-CEF295ECEDEB}"
EndProject
Project("{FAE04EC0-301F-11D3-BF4B-00C04F79EFBC}") = "Ba-kiem-tra-so-2", "Ba-kiem-tra-so-2\Ba-kiem-tra-so-2.csproj", "{BC31E6FC-51D7-4C73-BEA2-E0D0DB9D0A08}"
EndProject
Global
	GlobalSection(SolutionConfigurationPlatforms) = preSolution
		Debug|Any CPU = Debug|Any CPU
		Release|Any CPU = Release|Any CPU
	EndGlobalSection
	GlobalSection(ProjectConfigurationPlatforms) = postSolution
		{12B2EE24-8618-4DC5-B159-8171278063E8}.Debug|Any CPU.ActiveCfg = Debug|Any CPU
		{12B2EE24-8618-4DC5-B159-8171278063E8}.Debug|Any CPU.Build.0 = Debug|Any CPU
		{12B2EE24-8618-4DC5-B159-8171278063E8}.Release|Any CPU.ActiveCfg = Release|Any CPU
		{12B2EE24-8618-4DC5-B159-8171278063E8}.Release|Any CPU.Build.0 = Release|Any CPU
		{A6300690-0582-440B-BE2A-CEF295ECEDEB}.Debug|Any CPU.ActiveCfg = Debug|Any CPU
		{A6300690-0582-440B-BE2A-CEF295ECEDEB}.Debug|Any CPU.Build.0 = Debug|Any CPU
		{A6300690-0582-440B-BE2A-CEF295ECEDEB}.Release|Any CPU.ActiveCfg = Release|Any CPU
		{A6300690-0582-440B-BE2A-CEF295ECEDEB}.Release|Any CPU.Build.0 = Release|Any CPU
		{BC31E6FC-51D7-4C73-BEA2-E0D0DB9D0A08}.Debug|Any CPU.ActiveCfg = Debug|Any CPU
		{BC31E6FC-51D7-4C73-BEA2-E0D0DB9D0A08}.Debug|Any CPU.Build.0 = Debug|Any CPU
		{BC31E6FC-51D7-4C73-BEA2-E0D0DB9D0A08}.Release|Any CPU.ActiveCfg = Release|Any CPU
		{BC31E6FC-51D7-4C73-BEA2-E0D0DB9D0A08}.Release|Any CPU.Build.0 = Release|Any CPU
	EndGlobalSection
	GlobalSection(SolutionProperties) = preSolution
		HideSolutionNode = FALSE
	EndGlobalSection
	GlobalSection(ExtensibilityGlobals) = postSolution
		SolutionGuid = {CCA7ED74-BB4A-41D3-A5E7-F70D940A6D3E}
	EndGlobalSection
EndGlobal
